# This file is @generated by PDM.
# It is not intended for manual editing.

[metadata]
groups = ["default"]
strategy = ["inherit_metadata"]
lock_version = "4.5.0"
content_hash = "sha256:2c9a5006e95e0c3f4a49e6ece3f78c9563db2f1c5dacb466fb8a8fd60edd5bcf"

[[metadata.targets]]
requires_python = ">=3.12"
